
Microsoft Visual Studio Solution File, Format Version 12.00
# Visual Studio Version 16
VisualStudioVersion = 16.0.31410.357
MinimumVisualStudioVersion = 10.0.40219.1
Project("{FAE04EC0-301F-11D3-BF4B-00C04F79EFBC}") = "IteratorCompositePattern", "IteratorCompositePattern.csproj", "{F51B5FE4-F282-41F3-A6CE-FA68F7A24F60}"
EndProject
Global
	GlobalSection(SolutionConfigurationPlatforms) = preSolution
		Debug|Any CPU = Debug|Any CPU
		Release|Any CPU = Release|Any CPU
	EndGlobalSection
	GlobalSection(ProjectConfigurationPlatforms) = postSolution
		{F51B5FE4-F282-41F3-A6CE-FA68F7A24F60}.Debug|Any CPU.ActiveCfg = Debug|Any CPU
		{F51B5FE4-F282-41F3-A6CE-FA68F7A24F60}.Debug|Any CPU.Build.0 = Debug|Any CPU
		{F51B5FE4-F282-41F3-A6CE-FA68F7A24F60}.Release|Any CPU.ActiveCfg = Release|Any CPU
		{F51B5FE4-F282-41F3-A6CE-FA68F7A24F60}.Release|Any CPU.Build.0 = Release|Any CPU
	EndGlobalSection
	GlobalSection(SolutionProperties) = preSolution
		HideSolutionNode = FALSE
	EndGlobalSection
	GlobalSection(ExtensibilityGlobals) = postSolution
		SolutionGuid = {5F699902-7797-488D-B937-B3B6D96A79E5}
	EndGlobalSection
EndGlobal
